
Microsoft Visual Studio Solution File, Format Version 12.00
# Visual Studio Version 17
VisualStudioVersion = 17.2.32630.192
MinimumVisualStudioVersion = 10.0.40219.1
Project("{9A19103F-16F7-4668-BE54-9A1E7A4F7556}") = "R5T.F0133", "R5T.F0133\R5T.F0133.csproj", "{DC4817B1-C23E-46F4-8C8F-F414CDF40967}"
EndProject
Project("{2150E333-8FDC-42A3-9474-1A3956D46DE8}") = "_Dependencies", "_Dependencies", "{0F9C00A7-B726-4144-9389-3532D810CDE9}"
EndProject
Project("{9A19103F-16F7-4668-BE54-9A1E7A4F7556}") = "R5T.T0132", "..\..\R5T.T0132\source\R5T.T0132\R5T.T0132.csproj", "{6C9C4059-BC40-472C-86E3-03249ED44BE7}"
EndProject
Project("{9A19103F-16F7-4668-BE54-9A1E7A4F7556}") = "R5T.T0143", "..\..\R5T.T0143\source\R5T.T0143\R5T.T0143.csproj", "{25088BAC-B27A-40D4-A362-3166A07D68ED}"
EndProject
Project("{9A19103F-16F7-4668-BE54-9A1E7A4F7556}") = "R5T.T0178", "..\..\R5T.T0178\source\R5T.T0178\R5T.T0178.csproj", "{C3F01F90-9574-47D6-BA2C-A1F8FFCB8BB8}"
EndProject
Project("{9A19103F-16F7-4668-BE54-9A1E7A4F7556}") = "R5T.T0179", "..\..\R5T.T0179\source\R5T.T0179\R5T.T0179.csproj", "{608E3560-35BD-4E89-A349-7E1533AC224B}"
EndProject
Project("{9A19103F-16F7-4668-BE54-9A1E7A4F7556}") = "R5T.T0185", "..\..\R5T.T0185\source\R5T.T0185\R5T.T0185.csproj", "{D2A32DD3-846F-4945-9B94-4ED0EE8DBDF1}"
EndProject
Project("{9A19103F-16F7-4668-BE54-9A1E7A4F7556}") = "R5T.T0187", "..\..\R5T.T0187\source\R5T.T0187\R5T.T0187.csproj", "{22FC191A-6953-42EC-B6AE-47CFB7CA4C8B}"
EndProject
Project("{9A19103F-16F7-4668-BE54-9A1E7A4F7556}") = "R5T.T0156", "..\..\R5T.T0156\source\R5T.T0156\R5T.T0156.csproj", "{5DF49D74-4F02-468A-BBE1-0E8E1304B2F9}"
EndProject
Project("{9A19103F-16F7-4668-BE54-9A1E7A4F7556}") = "R5T.T0197", "..\..\R5T.T0197\source\R5T.T0197\R5T.T0197.csproj", "{448F3AFC-13AD-4B11-B7D0-EDE5BC3288A8}"
EndProject
Global
	GlobalSection(NestedProjects) = preSolution
		{6C9C4059-BC40-472C-86E3-03249ED44BE7} = {0F9C00A7-B726-4144-9389-3532D810CDE9}
		{25088BAC-B27A-40D4-A362-3166A07D68ED} = {0F9C00A7-B726-4144-9389-3532D810CDE9}
		{C3F01F90-9574-47D6-BA2C-A1F8FFCB8BB8} = {0F9C00A7-B726-4144-9389-3532D810CDE9}
		{608E3560-35BD-4E89-A349-7E1533AC224B} = {0F9C00A7-B726-4144-9389-3532D810CDE9}
		{D2A32DD3-846F-4945-9B94-4ED0EE8DBDF1} = {0F9C00A7-B726-4144-9389-3532D810CDE9}
		{22FC191A-6953-42EC-B6AE-47CFB7CA4C8B} = {0F9C00A7-B726-4144-9389-3532D810CDE9}
		{5DF49D74-4F02-468A-BBE1-0E8E1304B2F9} = {0F9C00A7-B726-4144-9389-3532D810CDE9}
		{448F3AFC-13AD-4B11-B7D0-EDE5BC3288A8} = {0F9C00A7-B726-4144-9389-3532D810CDE9}
	EndGlobalSection
	GlobalSection(SolutionConfigurationPlatforms) = preSolution
		Debug|Any CPU = Debug|Any CPU
		Release|Any CPU = Release|Any CPU
	EndGlobalSection
	GlobalSection(ProjectConfigurationPlatforms) = postSolution
		{DC4817B1-C23E-46F4-8C8F-F414CDF40967}.Debug|Any CPU.ActiveCfg = Debug|Any CPU
		{DC4817B1-C23E-46F4-8C8F-F414CDF40967}.Debug|Any CPU.Build.0 = Debug|Any CPU
		{DC4817B1-C23E-46F4-8C8F-F414CDF40967}.Release|Any CPU.ActiveCfg = Release|Any CPU
		{DC4817B1-C23E-46F4-8C8F-F414CDF40967}.Release|Any CPU.Build.0 = Release|Any CPU
		{6C9C4059-BC40-472C-86E3-03249ED44BE7}.Debug|Any CPU.ActiveCfg = Debug|Any CPU
		{6C9C4059-BC40-472C-86E3-03249ED44BE7}.Debug|Any CPU.Build.0 = Debug|Any CPU
		{6C9C4059-BC40-472C-86E3-03249ED44BE7}.Release|Any CPU.ActiveCfg = Release|Any CPU
		{6C9C4059-BC40-472C-86E3-03249ED44BE7}.Release|Any CPU.Build.0 = Release|Any CPU
		{25088BAC-B27A-40D4-A362-3166A07D68ED}.Debug|Any CPU.ActiveCfg = Debug|Any CPU
		{25088BAC-B27A-40D4-A362-3166A07D68ED}.Debug|Any CPU.Build.0 = Debug|Any CPU
		{25088BAC-B27A-40D4-A362-3166A07D68ED}.Release|Any CPU.ActiveCfg = Release|Any CPU
		{25088BAC-B27A-40D4-A362-3166A07D68ED}.Release|Any CPU.Build.0 = Release|Any CPU
		{C3F01F90-9574-47D6-BA2C-A1F8FFCB8BB8}.Debug|Any CPU.ActiveCfg = Debug|Any CPU
		{C3F01F90-9574-47D6-BA2C-A1F8FFCB8BB8}.Debug|Any CPU.Build.0 = Debug|Any CPU
		{C3F01F90-9574-47D6-BA2C-A1F8FFCB8BB8}.Release|Any CPU.ActiveCfg = Release|Any CPU
		{C3F01F90-9574-47D6-BA2C-A1F8FFCB8BB8}.Release|Any CPU.Build.0 = Release|Any CPU
		{608E3560-35BD-4E89-A349-7E1533AC224B}.Debug|Any CPU.ActiveCfg = Debug|Any CPU
		{608E3560-35BD-4E89-A349-7E1533AC224B}.Debug|Any CPU.Build.0 = Debug|Any CPU
		{608E3560-35BD-4E89-A349-7E1533AC224B}.Release|Any CPU.ActiveCfg = Release|Any CPU
		{608E3560-35BD-4E89-A349-7E1533AC224B}.Release|Any CPU.Build.0 = Release|Any CPU
		{D2A32DD3-846F-4945-9B94-4ED0EE8DBDF1}.Debug|Any CPU.ActiveCfg = Debug|Any CPU
		{D2A32DD3-846F-4945-9B94-4ED0EE8DBDF1}.Debug|Any CPU.Build.0 = Debug|Any CPU
		{D2A32DD3-846F-4945-9B94-4ED0EE8DBDF1}.Release|Any CPU.ActiveCfg = Release|Any CPU
		{D2A32DD3-846F-4945-9B94-4ED0EE8DBDF1}.Release|Any CPU.Build.0 = Release|Any CPU
		{22FC191A-6953-42EC-B6AE-47CFB7CA4C8B}.Debug|Any CPU.ActiveCfg = Debug|Any CPU
		{22FC191A-6953-42EC-B6AE-47CFB7CA4C8B}.Debug|Any CPU.Build.0 = Debug|Any CPU
		{22FC191A-6953-42EC-B6AE-47CFB7CA4C8B}.Release|Any CPU.ActiveCfg = Release|Any CPU
		{22FC191A-6953-42EC-B6AE-47CFB7CA4C8B}.Release|Any CPU.Build.0 = Release|Any CPU
		{5DF49D74-4F02-468A-BBE1-0E8E1304B2F9}.Debug|Any CPU.ActiveCfg = Debug|Any CPU
		{5DF49D74-4F02-468A-BBE1-0E8E1304B2F9}.Debug|Any CPU.Build.0 = Debug|Any CPU
		{5DF49D74-4F02-468A-BBE1-0E8E1304B2F9}.Release|Any CPU.ActiveCfg = Release|Any CPU
		{5DF49D74-4F02-468A-BBE1-0E8E1304B2F9}.Release|Any CPU.Build.0 = Release|Any CPU
		{448F3AFC-13AD-4B11-B7D0-EDE5BC3288A8}.Debug|Any CPU.ActiveCfg = Debug|Any CPU
		{448F3AFC-13AD-4B11-B7D0-EDE5BC3288A8}.Debug|Any CPU.Build.0 = Debug|Any CPU
		{448F3AFC-13AD-4B11-B7D0-EDE5BC3288A8}.Release|Any CPU.ActiveCfg = Release|Any CPU
		{448F3AFC-13AD-4B11-B7D0-EDE5BC3288A8}.Release|Any CPU.Build.0 = Release|Any CPU
	EndGlobalSection
	GlobalSection(SolutionProperties) = preSolution
		HideSolutionNode = FALSE
	EndGlobalSection
	GlobalSection(ExtensibilityGlobals) = postSolution
		SolutionGuid = {B713E0C0-F744-4D33-9A7F-818BDACA7FF2}
	EndGlobalSection
EndGlobal
