
Microsoft Visual Studio Solution File, Format Version 12.00
# Visual Studio Version 17
VisualStudioVersion = 17.2.32630.192
MinimumVisualStudioVersion = 10.0.40219.1
Project("{9A19103F-16F7-4668-BE54-9A1E7A4F7556}") = "R5T.F0133.Construction", "R5T.F0133.Construction\R5T.F0133.Construction.csproj", "{1D9FEBFF-0569-40C0-BD32-12747EF02F2C}"
EndProject
Project("{9A19103F-16F7-4668-BE54-9A1E7A4F7556}") = "R5T.F0133", "R5T.F0133\R5T.F0133.csproj", "{8A65E5E4-707E-420D-BB4E-E461988FAD5A}"
EndProject
Project("{2150E333-8FDC-42A3-9474-1A3956D46DE8}") = "_Dependencies", "_Dependencies", "{3060AAF0-0F51-4FF7-846E-9F998AD7E13B}"
EndProject
Project("{9A19103F-16F7-4668-BE54-9A1E7A4F7556}") = "R5T.T0132", "..\..\R5T.T0132\source\R5T.T0132\R5T.T0132.csproj", "{D2C65196-B062-489A-A662-9F752E18DE38}"
EndProject
Project("{9A19103F-16F7-4668-BE54-9A1E7A4F7556}") = "R5T.T0143", "..\..\R5T.T0143\source\R5T.T0143\R5T.T0143.csproj", "{17D4EF32-F20C-4D3C-94FC-871FEFD7A209}"
EndProject
Project("{9A19103F-16F7-4668-BE54-9A1E7A4F7556}") = "R5T.T0178", "..\..\R5T.T0178\source\R5T.T0178\R5T.T0178.csproj", "{B452025F-769B-4D44-8579-D95C44ACBDF5}"
EndProject
Project("{9A19103F-16F7-4668-BE54-9A1E7A4F7556}") = "R5T.T0179", "..\..\R5T.T0179\source\R5T.T0179\R5T.T0179.csproj", "{3060EFED-EFCC-41DC-980D-C2178404E74A}"
EndProject
Project("{9A19103F-16F7-4668-BE54-9A1E7A4F7556}") = "R5T.T0185", "..\..\R5T.T0185\source\R5T.T0185\R5T.T0185.csproj", "{D1345152-6498-492D-810B-E382B267936E}"
EndProject
Project("{9A19103F-16F7-4668-BE54-9A1E7A4F7556}") = "R5T.T0187", "..\..\R5T.T0187\source\R5T.T0187\R5T.T0187.csproj", "{B3DDCC24-B94E-4560-BE4A-B89BA507068D}"
EndProject
Project("{9A19103F-16F7-4668-BE54-9A1E7A4F7556}") = "R5T.T0156", "..\..\R5T.T0156\source\R5T.T0156\R5T.T0156.csproj", "{E127C6E7-3CA3-4FDE-8D39-EA471F031673}"
EndProject
Project("{9A19103F-16F7-4668-BE54-9A1E7A4F7556}") = "R5T.T0197", "..\..\R5T.T0197\source\R5T.T0197\R5T.T0197.csproj", "{5588AF2E-8B2F-40F8-8E06-3C556F893629}"
EndProject
Project("{9A19103F-16F7-4668-BE54-9A1E7A4F7556}") = "R5T.T0142", "..\..\R5T.T0142\source\R5T.T0142\R5T.T0142.csproj", "{FB108124-3508-4D72-B11D-CF1C3BCF20AD}"
EndProject
Project("{9A19103F-16F7-4668-BE54-9A1E7A4F7556}") = "R5T.T0184", "..\..\R5T.T0184\source\R5T.T0184\R5T.T0184.csproj", "{F8DEC5C8-A4E1-4487-86F6-EDC035AFBD06}"
EndProject
Project("{9A19103F-16F7-4668-BE54-9A1E7A4F7556}") = "R5T.T0186", "..\..\R5T.T0186\source\R5T.T0186\R5T.T0186.csproj", "{D80FD3E3-5736-459C-9B61-C5A91D3CF409}"
EndProject
Global
	GlobalSection(NestedProjects) = preSolution
		{D2C65196-B062-489A-A662-9F752E18DE38} = {3060AAF0-0F51-4FF7-846E-9F998AD7E13B}
		{17D4EF32-F20C-4D3C-94FC-871FEFD7A209} = {3060AAF0-0F51-4FF7-846E-9F998AD7E13B}
		{B452025F-769B-4D44-8579-D95C44ACBDF5} = {3060AAF0-0F51-4FF7-846E-9F998AD7E13B}
		{3060EFED-EFCC-41DC-980D-C2178404E74A} = {3060AAF0-0F51-4FF7-846E-9F998AD7E13B}
		{D1345152-6498-492D-810B-E382B267936E} = {3060AAF0-0F51-4FF7-846E-9F998AD7E13B}
		{B3DDCC24-B94E-4560-BE4A-B89BA507068D} = {3060AAF0-0F51-4FF7-846E-9F998AD7E13B}
		{E127C6E7-3CA3-4FDE-8D39-EA471F031673} = {3060AAF0-0F51-4FF7-846E-9F998AD7E13B}
		{5588AF2E-8B2F-40F8-8E06-3C556F893629} = {3060AAF0-0F51-4FF7-846E-9F998AD7E13B}
		{FB108124-3508-4D72-B11D-CF1C3BCF20AD} = {3060AAF0-0F51-4FF7-846E-9F998AD7E13B}
		{F8DEC5C8-A4E1-4487-86F6-EDC035AFBD06} = {3060AAF0-0F51-4FF7-846E-9F998AD7E13B}
		{D80FD3E3-5736-459C-9B61-C5A91D3CF409} = {3060AAF0-0F51-4FF7-846E-9F998AD7E13B}
	EndGlobalSection
	GlobalSection(SolutionConfigurationPlatforms) = preSolution
		Debug|Any CPU = Debug|Any CPU
		Release|Any CPU = Release|Any CPU
	EndGlobalSection
	GlobalSection(ProjectConfigurationPlatforms) = postSolution
		{1D9FEBFF-0569-40C0-BD32-12747EF02F2C}.Debug|Any CPU.ActiveCfg = Debug|Any CPU
		{1D9FEBFF-0569-40C0-BD32-12747EF02F2C}.Debug|Any CPU.Build.0 = Debug|Any CPU
		{1D9FEBFF-0569-40C0-BD32-12747EF02F2C}.Release|Any CPU.ActiveCfg = Release|Any CPU
		{1D9FEBFF-0569-40C0-BD32-12747EF02F2C}.Release|Any CPU.Build.0 = Release|Any CPU
		{8A65E5E4-707E-420D-BB4E-E461988FAD5A}.Debug|Any CPU.ActiveCfg = Debug|Any CPU
		{8A65E5E4-707E-420D-BB4E-E461988FAD5A}.Debug|Any CPU.Build.0 = Debug|Any CPU
		{8A65E5E4-707E-420D-BB4E-E461988FAD5A}.Release|Any CPU.ActiveCfg = Release|Any CPU
		{8A65E5E4-707E-420D-BB4E-E461988FAD5A}.Release|Any CPU.Build.0 = Release|Any CPU
		{D2C65196-B062-489A-A662-9F752E18DE38}.Debug|Any CPU.ActiveCfg = Debug|Any CPU
		{D2C65196-B062-489A-A662-9F752E18DE38}.Debug|Any CPU.Build.0 = Debug|Any CPU
		{D2C65196-B062-489A-A662-9F752E18DE38}.Release|Any CPU.ActiveCfg = Release|Any CPU
		{D2C65196-B062-489A-A662-9F752E18DE38}.Release|Any CPU.Build.0 = Release|Any CPU
		{17D4EF32-F20C-4D3C-94FC-871FEFD7A209}.Debug|Any CPU.ActiveCfg = Debug|Any CPU
		{17D4EF32-F20C-4D3C-94FC-871FEFD7A209}.Debug|Any CPU.Build.0 = Debug|Any CPU
		{17D4EF32-F20C-4D3C-94FC-871FEFD7A209}.Release|Any CPU.ActiveCfg = Release|Any CPU
		{17D4EF32-F20C-4D3C-94FC-871FEFD7A209}.Release|Any CPU.Build.0 = Release|Any CPU
		{B452025F-769B-4D44-8579-D95C44ACBDF5}.Debug|Any CPU.ActiveCfg = Debug|Any CPU
		{B452025F-769B-4D44-8579-D95C44ACBDF5}.Debug|Any CPU.Build.0 = Debug|Any CPU
		{B452025F-769B-4D44-8579-D95C44ACBDF5}.Release|Any CPU.ActiveCfg = Release|Any CPU
		{B452025F-769B-4D44-8579-D95C44ACBDF5}.Release|Any CPU.Build.0 = Release|Any CPU
		{3060EFED-EFCC-41DC-980D-C2178404E74A}.Debug|Any CPU.ActiveCfg = Debug|Any CPU
		{3060EFED-EFCC-41DC-980D-C2178404E74A}.Debug|Any CPU.Build.0 = Debug|Any CPU
		{3060EFED-EFCC-41DC-980D-C2178404E74A}.Release|Any CPU.ActiveCfg = Release|Any CPU
		{3060EFED-EFCC-41DC-980D-C2178404E74A}.Release|Any CPU.Build.0 = Release|Any CPU
		{D1345152-6498-492D-810B-E382B267936E}.Debug|Any CPU.ActiveCfg = Debug|Any CPU
		{D1345152-6498-492D-810B-E382B267936E}.Debug|Any CPU.Build.0 = Debug|Any CPU
		{D1345152-6498-492D-810B-E382B267936E}.Release|Any CPU.ActiveCfg = Release|Any CPU
		{D1345152-6498-492D-810B-E382B267936E}.Release|Any CPU.Build.0 = Release|Any CPU
		{B3DDCC24-B94E-4560-BE4A-B89BA507068D}.Debug|Any CPU.ActiveCfg = Debug|Any CPU
		{B3DDCC24-B94E-4560-BE4A-B89BA507068D}.Debug|Any CPU.Build.0 = Debug|Any CPU
		{B3DDCC24-B94E-4560-BE4A-B89BA507068D}.Release|Any CPU.ActiveCfg = Release|Any CPU
		{B3DDCC24-B94E-4560-BE4A-B89BA507068D}.Release|Any CPU.Build.0 = Release|Any CPU
		{E127C6E7-3CA3-4FDE-8D39-EA471F031673}.Debug|Any CPU.ActiveCfg = Debug|Any CPU
		{E127C6E7-3CA3-4FDE-8D39-EA471F031673}.Debug|Any CPU.Build.0 = Debug|Any CPU
		{E127C6E7-3CA3-4FDE-8D39-EA471F031673}.Release|Any CPU.ActiveCfg = Release|Any CPU
		{E127C6E7-3CA3-4FDE-8D39-EA471F031673}.Release|Any CPU.Build.0 = Release|Any CPU
		{5588AF2E-8B2F-40F8-8E06-3C556F893629}.Debug|Any CPU.ActiveCfg = Debug|Any CPU
		{5588AF2E-8B2F-40F8-8E06-3C556F893629}.Debug|Any CPU.Build.0 = Debug|Any CPU
		{5588AF2E-8B2F-40F8-8E06-3C556F893629}.Release|Any CPU.ActiveCfg = Release|Any CPU
		{5588AF2E-8B2F-40F8-8E06-3C556F893629}.Release|Any CPU.Build.0 = Release|Any CPU
		{FB108124-3508-4D72-B11D-CF1C3BCF20AD}.Debug|Any CPU.ActiveCfg = Debug|Any CPU
		{FB108124-3508-4D72-B11D-CF1C3BCF20AD}.Debug|Any CPU.Build.0 = Debug|Any CPU
		{FB108124-3508-4D72-B11D-CF1C3BCF20AD}.Release|Any CPU.ActiveCfg = Release|Any CPU
		{FB108124-3508-4D72-B11D-CF1C3BCF20AD}.Release|Any CPU.Build.0 = Release|Any CPU
		{F8DEC5C8-A4E1-4487-86F6-EDC035AFBD06}.Debug|Any CPU.ActiveCfg = Debug|Any CPU
		{F8DEC5C8-A4E1-4487-86F6-EDC035AFBD06}.Debug|Any CPU.Build.0 = Debug|Any CPU
		{F8DEC5C8-A4E1-4487-86F6-EDC035AFBD06}.Release|Any CPU.ActiveCfg = Release|Any CPU
		{F8DEC5C8-A4E1-4487-86F6-EDC035AFBD06}.Release|Any CPU.Build.0 = Release|Any CPU
		{D80FD3E3-5736-459C-9B61-C5A91D3CF409}.Debug|Any CPU.ActiveCfg = Debug|Any CPU
		{D80FD3E3-5736-459C-9B61-C5A91D3CF409}.Debug|Any CPU.Build.0 = Debug|Any CPU
		{D80FD3E3-5736-459C-9B61-C5A91D3CF409}.Release|Any CPU.ActiveCfg = Release|Any CPU
		{D80FD3E3-5736-459C-9B61-C5A91D3CF409}.Release|Any CPU.Build.0 = Release|Any CPU
	EndGlobalSection
	GlobalSection(SolutionProperties) = preSolution
		HideSolutionNode = FALSE
	EndGlobalSection
	GlobalSection(ExtensibilityGlobals) = postSolution
		SolutionGuid = {B6F747E5-3092-49B8-9662-A3A76A8D0D02}
	EndGlobalSection
EndGlobal
